
Microsoft Visual Studio Solution File, Format Version 12.00
# Visual Studio Version 17
VisualStudioVersion = 17.14.36221.1 d17.14
MinimumVisualStudioVersion = 10.0.40219.1
Project("{FAE04EC0-301F-11D3-BF4B-00C04F79EFBC}") = "Mabalatan_ControlStructures", "Mabalatan_ControlStructures\Mabalatan_ControlStructures.csproj", "{B1770184-B904-4EEC-90F7-3F6774013690}"
EndProject
Global
	GlobalSection(SolutionConfigurationPlatforms) = preSolution
		Debug|Any CPU = Debug|Any CPU
		Release|Any CPU = Release|Any CPU
	EndGlobalSection
	GlobalSection(ProjectConfigurationPlatforms) = postSolution
		{B1770184-B904-4EEC-90F7-3F6774013690}.Debug|Any CPU.ActiveCfg = Debug|Any CPU
		{B1770184-B904-4EEC-90F7-3F6774013690}.Debug|Any CPU.Build.0 = Debug|Any CPU
		{B1770184-B904-4EEC-90F7-3F6774013690}.Release|Any CPU.ActiveCfg = Release|Any CPU
		{B1770184-B904-4EEC-90F7-3F6774013690}.Release|Any CPU.Build.0 = Release|Any CPU
	EndGlobalSection
	GlobalSection(SolutionProperties) = preSolution
		HideSolutionNode = FALSE
	EndGlobalSection
	GlobalSection(ExtensibilityGlobals) = postSolution
		SolutionGuid = {40DF9198-35D9-4DA1-98F5-8B76284EA264}
	EndGlobalSection
EndGlobal
